
Microsoft Visual Studio Solution File, Format Version 12.00
# Visual Studio Version 17
VisualStudioVersion = 17.0.31903.59
MinimumVisualStudioVersion = 10.0.40219.1
Project("{FAE04EC0-301F-11D3-BF4B-00C04F79EFBC}") = "Domain", "Domain\Domain.csproj", "{0FED6D20-5062-493B-A576-1066356CBE1A}"
EndProject
Project("{FAE04EC0-301F-11D3-BF4B-00C04F79EFBC}") = "Application", "Application\Application.csproj", "{145AACD2-2375-4BE5-81D4-2389C47DD398}"
EndProject
Project("{FAE04EC0-301F-11D3-BF4B-00C04F79EFBC}") = "Infrastructure", "Infrastructure\Infrastructure.csproj", "{AAA2B6F1-DCB5-4434-A926-EFB752B5E895}"
EndProject
Project("{FAE04EC0-301F-11D3-BF4B-00C04F79EFBC}") = "Web", "Web\Web.csproj", "{4F9890BF-73BA-4ECB-ADF9-1E0364D2DF02}"
EndProject
Global
	GlobalSection(SolutionConfigurationPlatforms) = preSolution
		Debug|Any CPU = Debug|Any CPU
		Debug|x64 = Debug|x64
		Debug|x86 = Debug|x86
		Release|Any CPU = Release|Any CPU
		Release|x64 = Release|x64
		Release|x86 = Release|x86
	EndGlobalSection
	GlobalSection(ProjectConfigurationPlatforms) = postSolution
		{0FED6D20-5062-493B-A576-1066356CBE1A}.Debug|Any CPU.ActiveCfg = Debug|Any CPU
		{0FED6D20-5062-493B-A576-1066356CBE1A}.Debug|Any CPU.Build.0 = Debug|Any CPU
		{0FED6D20-5062-493B-A576-1066356CBE1A}.Debug|x64.ActiveCfg = Debug|Any CPU
		{0FED6D20-5062-493B-A576-1066356CBE1A}.Debug|x64.Build.0 = Debug|Any CPU
		{0FED6D20-5062-493B-A576-1066356CBE1A}.Debug|x86.ActiveCfg = Debug|Any CPU
		{0FED6D20-5062-493B-A576-1066356CBE1A}.Debug|x86.Build.0 = Debug|Any CPU
		{0FED6D20-5062-493B-A576-1066356CBE1A}.Release|Any CPU.ActiveCfg = Release|Any CPU
		{0FED6D20-5062-493B-A576-1066356CBE1A}.Release|Any CPU.Build.0 = Release|Any CPU
		{0FED6D20-5062-493B-A576-1066356CBE1A}.Release|x64.ActiveCfg = Release|Any CPU
		{0FED6D20-5062-493B-A576-1066356CBE1A}.Release|x64.Build.0 = Release|Any CPU
		{0FED6D20-5062-493B-A576-1066356CBE1A}.Release|x86.ActiveCfg = Release|Any CPU
		{0FED6D20-5062-493B-A576-1066356CBE1A}.Release|x86.Build.0 = Release|Any CPU
		{145AACD2-2375-4BE5-81D4-2389C47DD398}.Debug|Any CPU.ActiveCfg = Debug|Any CPU
		{145AACD2-2375-4BE5-81D4-2389C47DD398}.Debug|Any CPU.Build.0 = Debug|Any CPU
		{145AACD2-2375-4BE5-81D4-2389C47DD398}.Debug|x64.ActiveCfg = Debug|Any CPU
		{145AACD2-2375-4BE5-81D4-2389C47DD398}.Debug|x64.Build.0 = Debug|Any CPU
		{145AACD2-2375-4BE5-81D4-2389C47DD398}.Debug|x86.ActiveCfg = Debug|Any CPU
		{145AACD2-2375-4BE5-81D4-2389C47DD398}.Debug|x86.Build.0 = Debug|Any CPU
		{145AACD2-2375-4BE5-81D4-2389C47DD398}.Release|Any CPU.ActiveCfg = Release|Any CPU
		{145AACD2-2375-4BE5-81D4-2389C47DD398}.Release|Any CPU.Build.0 = Release|Any CPU
		{145AACD2-2375-4BE5-81D4-2389C47DD398}.Release|x64.ActiveCfg = Release|Any CPU
		{145AACD2-2375-4BE5-81D4-2389C47DD398}.Release|x64.Build.0 = Release|Any CPU
		{145AACD2-2375-4BE5-81D4-2389C47DD398}.Release|x86.ActiveCfg = Release|Any CPU
		{145AACD2-2375-4BE5-81D4-2389C47DD398}.Release|x86.Build.0 = Release|Any CPU
		{AAA2B6F1-DCB5-4434-A926-EFB752B5E895}.Debug|Any CPU.ActiveCfg = Debug|Any CPU
		{AAA2B6F1-DCB5-4434-A926-EFB752B5E895}.Debug|Any CPU.Build.0 = Debug|Any CPU
		{AAA2B6F1-DCB5-4434-A926-EFB752B5E895}.Debug|x64.ActiveCfg = Debug|Any CPU
		{AAA2B6F1-DCB5-4434-A926-EFB752B5E895}.Debug|x64.Build.0 = Debug|Any CPU
		{AAA2B6F1-DCB5-4434-A926-EFB752B5E895}.Debug|x86.ActiveCfg = Debug|Any CPU
		{AAA2B6F1-DCB5-4434-A926-EFB752B5E895}.Debug|x86.Build.0 = Debug|Any CPU
		{AAA2B6F1-DCB5-4434-A926-EFB752B5E895}.Release|Any CPU.ActiveCfg = Release|Any CPU
		{AAA2B6F1-DCB5-4434-A926-EFB752B5E895}.Release|Any CPU.Build.0 = Release|Any CPU
		{AAA2B6F1-DCB5-4434-A926-EFB752B5E895}.Release|x64.ActiveCfg = Release|Any CPU
		{AAA2B6F1-DCB5-4434-A926-EFB752B5E895}.Release|x64.Build.0 = Release|Any CPU
		{AAA2B6F1-DCB5-4434-A926-EFB752B5E895}.Release|x86.ActiveCfg = Release|Any CPU
		{AAA2B6F1-DCB5-4434-A926-EFB752B5E895}.Release|x86.Build.0 = Release|Any CPU
		{4F9890BF-73BA-4ECB-ADF9-1E0364D2DF02}.Debug|Any CPU.ActiveCfg = Debug|Any CPU
		{4F9890BF-73BA-4ECB-ADF9-1E0364D2DF02}.Debug|Any CPU.Build.0 = Debug|Any CPU
		{4F9890BF-73BA-4ECB-ADF9-1E0364D2DF02}.Debug|x64.ActiveCfg = Debug|Any CPU
		{4F9890BF-73BA-4ECB-ADF9-1E0364D2DF02}.Debug|x64.Build.0 = Debug|Any CPU
		{4F9890BF-73BA-4ECB-ADF9-1E0364D2DF02}.Debug|x86.ActiveCfg = Debug|Any CPU
		{4F9890BF-73BA-4ECB-ADF9-1E0364D2DF02}.Debug|x86.Build.0 = Debug|Any CPU
		{4F9890BF-73BA-4ECB-ADF9-1E0364D2DF02}.Release|Any CPU.ActiveCfg = Release|Any CPU
		{4F9890BF-73BA-4ECB-ADF9-1E0364D2DF02}.Release|Any CPU.Build.0 = Release|Any CPU
		{4F9890BF-73BA-4ECB-ADF9-1E0364D2DF02}.Release|x64.ActiveCfg = Release|Any CPU
		{4F9890BF-73BA-4ECB-ADF9-1E0364D2DF02}.Release|x64.Build.0 = Release|Any CPU
		{4F9890BF-73BA-4ECB-ADF9-1E0364D2DF02}.Release|x86.ActiveCfg = Release|Any CPU
		{4F9890BF-73BA-4ECB-ADF9-1E0364D2DF02}.Release|x86.Build.0 = Release|Any CPU
	EndGlobalSection
	GlobalSection(SolutionProperties) = preSolution
		HideSolutionNode = FALSE
	EndGlobalSection
	GlobalSection(ExtensibilityGlobals) = postSolution
		SolutionGuid = {3910F7FC-6D30-4C54-8FB8-801AC0562EB7}
	EndGlobalSection
EndGlobal
